
Microsoft Visual Studio Solution File, Format Version 12.00
Project("{FAE04EC0-301F-11D3-BF4B-00C04F79EFBC}") = "Cwiczenie8", "Cwiczenie8\Cwiczenie8.csproj", "{A539CC43-1F5E-4FA5-A7C8-E3321E01FFA5}"
EndProject
Global
	GlobalSection(SolutionConfigurationPlatforms) = preSolution
		Debug|Any CPU = Debug|Any CPU
		Release|Any CPU = Release|Any CPU
	EndGlobalSection
	GlobalSection(ProjectConfigurationPlatforms) = postSolution
		{A539CC43-1F5E-4FA5-A7C8-E3321E01FFA5}.Debug|Any CPU.ActiveCfg = Debug|Any CPU
		{A539CC43-1F5E-4FA5-A7C8-E3321E01FFA5}.Debug|Any CPU.Build.0 = Debug|Any CPU
		{A539CC43-1F5E-4FA5-A7C8-E3321E01FFA5}.Release|Any CPU.ActiveCfg = Release|Any CPU
		{A539CC43-1F5E-4FA5-A7C8-E3321E01FFA5}.Release|Any CPU.Build.0 = Release|Any CPU
	EndGlobalSection
EndGlobal
