
Microsoft Visual Studio Solution File, Format Version 12.00
Project("{FAE04EC0-301F-11D3-BF4B-00C04F79EFBC}") = "Cwiczenie12", "Cwiczenie12\Cwiczenie12.csproj", "{22B03F95-F044-4FEB-806C-AB4D3B2619AB}"
EndProject
Global
	GlobalSection(SolutionConfigurationPlatforms) = preSolution
		Debug|Any CPU = Debug|Any CPU
		Release|Any CPU = Release|Any CPU
	EndGlobalSection
	GlobalSection(ProjectConfigurationPlatforms) = postSolution
		{22B03F95-F044-4FEB-806C-AB4D3B2619AB}.Debug|Any CPU.ActiveCfg = Debug|Any CPU
		{22B03F95-F044-4FEB-806C-AB4D3B2619AB}.Debug|Any CPU.Build.0 = Debug|Any CPU
		{22B03F95-F044-4FEB-806C-AB4D3B2619AB}.Release|Any CPU.ActiveCfg = Release|Any CPU
		{22B03F95-F044-4FEB-806C-AB4D3B2619AB}.Release|Any CPU.Build.0 = Release|Any CPU
	EndGlobalSection
EndGlobal
