
Microsoft Visual Studio Solution File, Format Version 12.00
Project("{FAE04EC0-301F-11D3-BF4B-00C04F79EFBC}") = "Cwiczenie9", "Cwiczenie9\Cwiczenie9.csproj", "{B73F74E5-C41F-456F-B96A-1C54AD26D152}"
EndProject
Global
	GlobalSection(SolutionConfigurationPlatforms) = preSolution
		Debug|Any CPU = Debug|Any CPU
		Release|Any CPU = Release|Any CPU
	EndGlobalSection
	GlobalSection(ProjectConfigurationPlatforms) = postSolution
		{B73F74E5-C41F-456F-B96A-1C54AD26D152}.Debug|Any CPU.ActiveCfg = Debug|Any CPU
		{B73F74E5-C41F-456F-B96A-1C54AD26D152}.Debug|Any CPU.Build.0 = Debug|Any CPU
		{B73F74E5-C41F-456F-B96A-1C54AD26D152}.Release|Any CPU.ActiveCfg = Release|Any CPU
		{B73F74E5-C41F-456F-B96A-1C54AD26D152}.Release|Any CPU.Build.0 = Release|Any CPU
	EndGlobalSection
EndGlobal
